<?xml version="1.0" encoding="utf-8"?>
<Project ToolsVersion="4.0" xmlns="http://schemas.microsoft.com/developer/msbuild/2003">
  <ItemGroup>
    <Filter Include="Source Files">
      <UniqueIdentifier>{4FC737F1-C7A5-4376-A066-2A32D752A2FF}</UniqueIdentifier>
      <Extensions>cpp;c;cc;cxx;def;odl;idl;hpj;bat;asm;asmx</Extensions>
    </Filter>
    <Filter Include="Header Files">
      <UniqueIdentifier>{93995380-89BD-4b04-88EB-625FBE52EBFB}</UniqueIdentifier>
      <Extensions>h;hh;hpp;hxx;hm;inl;inc;xsd</Extensions>
    </Filter>
    <Filter Include="Resource Files">
      <UniqueIdentifier>{67DA6AB6-F800-4c08-8B7A-83BB121AAD01}</UniqueIdentifier>
      <Extensions>rc;ico;cur;bmp;dlg;rc2;rct;bin;rgs;gif;jpg;jpeg;jpe;resx;tiff;tif;png;wav;mfcribbon-ms</Extensions>
    </Filter>
  </ItemGroup>
  <ItemGroup>
    <ClCompile Include="OpenGLExample.cpp">
      <Filter>Source Files</Filter>
    </ClCompile>
    <ClCompile Include="DrawShape.cpp">
      <Filter>Source Files</Filter>
    </ClCompile>
    <ClCompile Include="KeyboardEvent.cpp">
      <Filter>Source Files</Filter>
    </ClCompile>
    <ClCompile Include="MouseEvent.cpp">
      <Filter>Source Files</Filter>
    </ClCompile>
    <ClCompile Include="MouseLineEvent.cpp">
      <Filter>Source Files</Filter>
    </ClCompile>
    <ClCompile Include="Bunny_Model.cpp">
      <Filter>Source Files</Filter>
    </ClCompile>
    <ClCompile Include="timerRotate.cpp">
      <Filter>Source Files</Filter>
    </ClCompile>
    <ClCompile Include="doubleBufferingBox.cpp">
      <Filter>Source Files</Filter>
    </ClCompile>
    <ClCompile Include="ShapeModeling.cpp">
      <Filter>Source Files</Filter>
    </ClCompile>
    <ClCompile Include="SceneModelingKettle.cpp">
      <Filter>Source Files</Filter>
    </ClCompile>
    <ClCompile Include="SceneModelingCastle.cpp">
      <Filter>Source Files</Filter>
    </ClCompile>
    <ClCompile Include="displayListBunny_Model.cpp">
      <Filter>Source Files</Filter>
    </ClCompile>
    <ClCompile Include="RobotModeling.cpp">
      <Filter>Source Files</Filter>
    </ClCompile>
    <ClCompile Include="..\..\..\..\3학년 1학기\컴퓨터그래픽스\Chap7. 실습1 - Projection.cpp">
      <Filter>Source Files</Filter>
    </ClCompile>
    <ClCompile Include="Chap7. 실습2 - viewport.cpp">
      <Filter>Source Files</Filter>
    </ClCompile>
    <ClCompile Include="..\..\..\..\3학년 1학기\컴퓨터그래픽스\Chap10. 실습1 - Bunny.cpp">
      <Filter>Source Files</Filter>
    </ClCompile>
    <ClCompile Include="bmp.cpp">
      <Filter>Source Files</Filter>
    </ClCompile>
    <ClCompile Include="Chap11. 실습1 - Texture.cpp">
      <Filter>Source Files</Filter>
    </ClCompile>
  </ItemGroup>
  <ItemGroup>
    <ClInclude Include="BunnyModel.h">
      <Filter>Header Files</Filter>
    </ClInclude>
    <ClInclude Include="bmp.h">
      <Filter>Header Files</Filter>
    </ClInclude>
  </ItemGroup>
  <ItemGroup>
    <Image Include="moo.bmp">
      <Filter>Source Files</Filter>
    </Image>
    <Image Include="test.bmp">
      <Filter>Source Files</Filter>
    </Image>
  </ItemGroup>
</Project>